
Microsoft Visual Studio Solution File, Format Version 12.00
Project("{FAE04EC0-301F-11D3-BF4B-00C04F79EFBC}") = "MVC_3Tir", "MVC_3Tir\MVC_3Tir.csproj", "{A90ED6E5-9B66-48F6-A055-08DE1157E7A0}"
EndProject
Project("{2150E333-8FDC-42A3-9474-1A3956D46DE8}") = "Solution Items", "Solution Items", "{BD1F1885-5712-41E5-BDF9-BBA1EED34ACE}"
	ProjectSection(SolutionItems) = preProject
		compose.yaml = compose.yaml
	EndProjectSection
EndProject
Global
	GlobalSection(SolutionConfigurationPlatforms) = preSolution
		Debug|Any CPU = Debug|Any CPU
		Release|Any CPU = Release|Any CPU
	EndGlobalSection
	GlobalSection(ProjectConfigurationPlatforms) = postSolution
		{A90ED6E5-9B66-48F6-A055-08DE1157E7A0}.Debug|Any CPU.ActiveCfg = Debug|Any CPU
		{A90ED6E5-9B66-48F6-A055-08DE1157E7A0}.Debug|Any CPU.Build.0 = Debug|Any CPU
		{A90ED6E5-9B66-48F6-A055-08DE1157E7A0}.Release|Any CPU.ActiveCfg = Release|Any CPU
		{A90ED6E5-9B66-48F6-A055-08DE1157E7A0}.Release|Any CPU.Build.0 = Release|Any CPU
	EndGlobalSection
EndGlobal
